
Microsoft Visual Studio Solution File, Format Version 12.00
# Visual Studio Version 17
VisualStudioVersion = 17.1.32228.430
MinimumVisualStudioVersion = 10.0.40219.1
Project("{FAE04EC0-301F-11D3-BF4B-00C04F79EFBC}") = "Estructura_Animales", "Estructura_Animales\Estructura_Animales.csproj", "{E12BC74A-2430-4206-91BF-5427EDEB5070}"
EndProject
Global
	GlobalSection(SolutionConfigurationPlatforms) = preSolution
		Debug|Any CPU = Debug|Any CPU
		Release|Any CPU = Release|Any CPU
	EndGlobalSection
	GlobalSection(ProjectConfigurationPlatforms) = postSolution
		{E12BC74A-2430-4206-91BF-5427EDEB5070}.Debug|Any CPU.ActiveCfg = Debug|Any CPU
		{E12BC74A-2430-4206-91BF-5427EDEB5070}.Debug|Any CPU.Build.0 = Debug|Any CPU
		{E12BC74A-2430-4206-91BF-5427EDEB5070}.Release|Any CPU.ActiveCfg = Release|Any CPU
		{E12BC74A-2430-4206-91BF-5427EDEB5070}.Release|Any CPU.Build.0 = Release|Any CPU
	EndGlobalSection
	GlobalSection(SolutionProperties) = preSolution
		HideSolutionNode = FALSE
	EndGlobalSection
	GlobalSection(ExtensibilityGlobals) = postSolution
		SolutionGuid = {BBCAA749-D731-4373-94EC-6EDE026AA0DB}
	EndGlobalSection
EndGlobal
